// !$*UTF8*$!
{
	archiveVersion = 1;
	classes = {
	};
	objectVersion = 56;
	objects = {

/* Begin PBXBuildFile section */
		39A14A162BAFEEF5009FB37D /* AppDelegate.swift in Sources */ = {isa = PBXBuildFile; fileRef = 39A14A152BAFEEF5009FB37D /* AppDelegate.swift */; };
		39A14A182BAFEEF5009FB37D /* SceneDelegate.swift in Sources */ = {isa = PBXBuildFile; fileRef = 39A14A172BAFEEF5009FB37D /* SceneDelegate.swift */; };
		39A14A1A2BAFEEF5009FB37D /* ViewController.swift in Sources */ = {isa = PBXBuildFile; fileRef = 39A14A192BAFEEF5009FB37D /* ViewController.swift */; };
		39A14A1D2BAFEEF5009FB37D /* Base in Resources */ = {isa = PBXBuildFile; fileRef = 39A14A1C2BAFEEF5009FB37D /* Base */; };
		39A14A1F2BAFEEF7009FB37D /* Assets.xcassets in Resources */ = {isa = PBXBuildFile; fileRef = 39A14A1E2BAFEEF7009FB37D /* Assets.xcassets */; };
		39A14A222BAFEEF7009FB37D /* Base in Resources */ = {isa = PBXBuildFile; fileRef = 39A14A212BAFEEF7009FB37D /* Base */; };
		39A14A2D2BAFEEF7009FB37D /* QuizAppTests.swift in Sources */ = {isa = PBXBuildFile; fileRef = 39A14A2C2BAFEEF7009FB37D /* QuizAppTests.swift */; };
		39A14A372BAFEEF7009FB37D /* QuizAppUITests.swift in Sources */ = {isa = PBXBuildFile; fileRef = 39A14A362BAFEEF7009FB37D /* QuizAppUITests.swift */; };
		39A14A392BAFEEF7009FB37D /* QuizAppUITestsLaunchTests.swift in Sources */ = {isa = PBXBuildFile; fileRef = 39A14A382BAFEEF7009FB37D /* QuizAppUITestsLaunchTests.swift */; };
/* End PBXBuildFile section */

/* Begin PBXContainerItemProxy section */
		39A14A292BAFEEF7009FB37D /* PBXContainerItemProxy */ = {
			isa = PBXContainerItemProxy;
			containerPortal = 39A14A0A2BAFEEF5009FB37D /* Project object */;
			proxyType = 1;
			remoteGlobalIDString = 39A14A112BAFEEF5009FB37D;
			remoteInfo = QuizApp;
		};
		39A14A332BAFEEF7009FB37D /* PBXContainerItemProxy */ = {
			isa = PBXContainerItemProxy;
			containerPortal = 39A14A0A2BAFEEF5009FB37D /* Project object */;
			proxyType = 1;
			remoteGlobalIDString = 39A14A112BAFEEF5009FB37D;
			remoteInfo = QuizApp;
		};
/* End PBXContainerItemProxy section */

/* Begin PBXFileReference section */
		39A14A122BAFEEF5009FB37D /* QuizApp.app */ = {isa = PBXFileReference; explicitFileType = wrapper.application; includeInIndex = 0; path = QuizApp.app; sourceTree = BUILT_PRODUCTS_DIR; };
		39A14A152BAFEEF5009FB37D /* AppDelegate.swift */ = {isa = PBXFileReference; lastKnownFileType = sourcecode.swift; path = AppDelegate.swift; sourceTree = "<group>"; };
		39A14A172BAFEEF5009FB37D /* SceneDelegate.swift */ = {isa = PBXFileReference; lastKnownFileType = sourcecode.swift; path = SceneDelegate.swift; sourceTree = "<group>"; };
		39A14A192BAFEEF5009FB37D /* ViewController.swift */ = {isa = PBXFileReference; lastKnownFileType = sourcecode.swift; path = ViewController.swift; sourceTree = "<group>"; };
		39A14A1C2BAFEEF5009FB37D /* Base */ = {isa = PBXFileReference; lastKnownFileType = file.storyboard; name = Base; path = Base.lproj/Main.storyboard; sourceTree = "<group>"; };
		39A14A1E2BAFEEF7009FB37D /* Assets.xcassets */ = {isa = PBXFileReference; lastKnownFileType = folder.assetcatalog; path = Assets.xcassets; sourceTree = "<group>"; };
		39A14A212BAFEEF7009FB37D /* Base */ = {isa = PBXFileReference; lastKnownFileType = file.storyboard; name = Base; path = Base.lproj/LaunchScreen.storyboard; sourceTree = "<group>"; };
		39A14A232BAFEEF7009FB37D /* Info.plist */ = {isa = PBXFileReference; lastKnownFileType = text.plist.xml; path = Info.plist; sourceTree = "<group>"; };
		39A14A282BAFEEF7009FB37D /* QuizAppTests.xctest */ = {isa = PBXFileReference; explicitFileType = wrapper.cfbundle; includeInIndex = 0; path = QuizAppTests.xctest; sourceTree = BUILT_PRODUCTS_DIR; };
		39A14A2C2BAFEEF7009FB37D /* QuizAppTests.swift */ = {isa = PBXFileReference; lastKnownFileType = sourcecode.swift; path = QuizAppTests.swift; sourceTree = "<group>"; };
		39A14A322BAFEEF7009FB37D /* QuizAppUITests.xctest */ = {isa = PBXFileReference; explicitFileType = wrapper.cfbundle; includeInIndex = 0; path = QuizAppUITests.xctest; sourceTree = BUILT_PRODUCTS_DIR; };
		39A14A362BAFEEF7009FB37D /* QuizAppUITests.swift */ = {isa = PBXFileReference; lastKnownFileType = sourcecode.swift; path = QuizAppUITests.swift; sourceTree = "<group>"; };
		39A14A382BAFEEF7009FB37D /* QuizAppUITestsLaunchTests.swift */ = {isa = PBXFileReference; lastKnownFileType = sourcecode.swift; path = QuizAppUITestsLaunchTests.swift; sourceTree = "<group>"; };
/* End PBXFileReference section */

/* Begin PBXFrameworksBuildPhase section */
		39A14A0F2BAFEEF5009FB37D /* Frameworks */ = {
			isa = PBXFrameworksBuildPhase;
			buildActionMask = 2147483647;
			files = (
			);
			runOnlyForDeploymentPostprocessing = 0;
		};
		39A14A252BAFEEF7009FB37D /* Frameworks */ = {
			isa = PBXFrameworksBuildPhase;
			buildActionMask = 2147483647;
			files = (
			);
			runOnlyForDeploymentPostprocessing = 0;
		};
		39A14A2F2BAFEEF7009FB37D /* Frameworks */ = {
			isa = PBXFrameworksBuildPhase;
			buildActionMask = 2147483647;
			files = (
			);
			runOnlyForDeploymentPostprocessing = 0;
		};
/* End PBXFrameworksBuildPhase section */

/* Begin PBXGroup section */
		39A14A092BAFEEF5009FB37D = {
			isa = PBXGroup;
			children = (
				39A14A142BAFEEF5009FB37D /* QuizApp */,
				39A14A2B2BAFEEF7009FB37D /* QuizAppTests */,
				39A14A352BAFEEF7009FB37D /* QuizAppUITests */,
				39A14A132BAFEEF5009FB37D /* Products */,
			);
			sourceTree = "<group>";
		};
		39A14A132BAFEEF5009FB37D /* Products */ = {
			isa = PBXGroup;
			children = (
				39A14A122BAFEEF5009FB37D /* QuizApp.app */,
				39A14A282BAFEEF7009FB37D /* QuizAppTests.xctest */,
				39A14A322BAFEEF7009FB37D /* QuizAppUITests.xctest */,
			);
			name = Products;
			sourceTree = "<group>";
		};
		39A14A142BAFEEF5009FB37D /* QuizApp */ = {
			isa = PBXGroup;
			children = (
				39A14A152BAFEEF5009FB37D /* AppDelegate.swift */,
				39A14A172BAFEEF5009FB37D /* SceneDelegate.swift */,
				39A14A192BAFEEF5009FB37D /* ViewController.swift */,
				39A14A1B2BAFEEF5009FB37D /* Main.storyboard */,
				39A14A1E2BAFEEF7009FB37D /* Assets.xcassets */,
				39A14A202BAFEEF7009FB37D /* LaunchScreen.storyboard */,
				39A14A232BAFEEF7009FB37D /* Info.plist */,
			);
			path = QuizApp;
			sourceTree = "<group>";
		};
		39A14A2B2BAFEEF7009FB37D /* QuizAppTests */ = {
			isa = PBXGroup;
			children = (
				39A14A2C2BAFEEF7009FB37D /* QuizAppTests.swift */,
			);
			path = QuizAppTests;
			sourceTree = "<group>";
		};
		39A14A352BAFEEF7009FB37D /* QuizAppUITests */ = {
			isa = PBXGroup;
			children = (
				39A14A362BAFEEF7009FB37D /* QuizAppUITests.swift */,
				39A14A382BAFEEF7009FB37D /* QuizAppUITestsLaunchTests.swift */,
			);
			path = QuizAppUITests;
			sourceTree = "<group>";
		};
/* End PBXGroup section */

/* Begin PBXNativeTarget section */
		39A14A112BAFEEF5009FB37D /* QuizApp */ = {
			isa = PBXNativeTarget;
			buildConfigurationList = 39A14A3C2BAFEEF7009FB37D /* Build configuration list for PBXNativeTarget "QuizApp" */;
			buildPhases = (
				39A14A0E2BAFEEF5009FB37D /* Sources */,
				39A14A0F2BAFEEF5009FB37D /* Frameworks */,
				39A14A102BAFEEF5009FB37D /* Resources */,
			);
			buildRules = (
			);
			dependencies = (
			);
			name = QuizApp;
			productName = QuizApp;
			productReference = 39A14A122BAFEEF5009FB37D /* QuizApp.app */;
			productType = "com.apple.product-type.application";
		};
		39A14A272BAFEEF7009FB37D /* QuizAppTests */ = {
			isa = PBXNativeTarget;
			buildConfigurationList = 39A14A3F2BAFEEF7009FB37D /* Build configuration list for PBXNativeTarget "QuizAppTests" */;
			buildPhases = (
				39A14A242BAFEEF7009FB37D /* Sources */,
				39A14A252BAFEEF7009FB37D /* Frameworks */,
				39A14A262BAFEEF7009FB37D /* Resources */,
			);
			buildRules = (
			);
			dependencies = (
				39A14A2A2BAFEEF7009FB37D /* PBXTargetDependency */,
			);
			name = QuizAppTests;
			productName = QuizAppTests;
			productReference = 39A14A282BAFEEF7009FB37D /* QuizAppTests.xctest */;
			productType = "com.apple.product-type.bundle.unit-test";
		};
		39A14A312BAFEEF7009FB37D /* QuizAppUITests */ = {
			isa = PBXNativeTarget;
			buildConfigurationList = 39A14A422BAFEEF7009FB37D /* Build configuration list for PBXNativeTarget "QuizAppUITests" */;
			buildPhases = (
				39A14A2E2BAFEEF7009FB37D /* Sources */,
				39A14A2F2BAFEEF7009FB37D /* Frameworks */,
				39A14A302BAFEEF7009FB37D /* Resources */,
			);
			buildRules = (
			);
			dependencies = (
				39A14A342BAFEEF7009FB37D /* PBXTargetDependency */,
			);
			name = QuizAppUITests;
			productName = QuizAppUITests;
			productReference = 39A14A322BAFEEF7009FB37D /* QuizAppUITests.xctest */;
			productType = "com.apple.product-type.bundle.ui-testing";
		};
/* End PBXNativeTarget section */

/* Begin PBXProject section */
		39A14A0A2BAFEEF5009FB37D /* Project object */ = {
			isa = PBXProject;
			attributes = {
				BuildIndependentTargetsInParallel = 1;
				LastSwiftUpdateCheck = 1530;
				LastUpgradeCheck = 1530;
				TargetAttributes = {
					39A14A112BAFEEF5009FB37D = {
						CreatedOnToolsVersion = 15.3;
					};
					39A14A272BAFEEF7009FB37D = {
						CreatedOnToolsVersion = 15.3;
						TestTargetID = 39A14A112BAFEEF5009FB37D;
					};
					39A14A312BAFEEF7009FB37D = {
						CreatedOnToolsVersion = 15.3;
						TestTargetID = 39A14A112BAFEEF5009FB37D;
					};
				};
			};
			buildConfigurationList = 39A14A0D2BAFEEF5009FB37D /* Build configuration list for PBXProject "QuizApp" */;
			compatibilityVersion = "Xcode 14.0";
			developmentRegion = en;
			hasScannedForEncodings = 0;
			knownRegions = (
				en,
				Base,
			);
			mainGroup = 39A14A092BAFEEF5009FB37D;
			productRefGroup = 39A14A132BAFEEF5009FB37D /* Products */;
			projectDirPath = "";
			projectRoot = "";
			targets = (
				39A14A112BAFEEF5009FB37D /* QuizApp */,
				39A14A272BAFEEF7009FB37D /* QuizAppTests */,
				39A14A312BAFEEF7009FB37D /* QuizAppUITests */,
			);
		};
/* End PBXProject section */

/* Begin PBXResourcesBuildPhase section */
		39A14A102BAFEEF5009FB37D /* Resources */ = {
			isa = PBXResourcesBuildPhase;
			buildActionMask = 2147483647;
			files = (
				39A14A1F2BAFEEF7009FB37D /* Assets.xcassets in Resources */,
				39A14A222BAFEEF7009FB37D /* Base in Resources */,
				39A14A1D2BAFEEF5009FB37D /* Base in Resources */,
			);
			runOnlyForDeploymentPostprocessing = 0;
		};
		39A14A262BAFEEF7009FB37D /* Resources */ = {
			isa = PBXResourcesBuildPhase;
			buildActionMask = 2147483647;
			files = (
			);
			runOnlyForDeploymentPostprocessing = 0;
		};
		39A14A302BAFEEF7009FB37D /* Resources */ = {
			isa = PBXResourcesBuildPhase;
			buildActionMask = 2147483647;
			files = (
			);
			runOnlyForDeploymentPostprocessing = 0;
		};
/* End PBXResourcesBuildPhase section */

/* Begin PBXSourcesBuildPhase section */
		39A14A0E2BAFEEF5009FB37D /* Sources */ = {
			isa = PBXSourcesBuildPhase;
			buildActionMask = 2147483647;
			files = (
				39A14A1A2BAFEEF5009FB37D /* ViewController.swift in Sources */,
				39A14A162BAFEEF5009FB37D /* AppDelegate.swift in Sources */,
				39A14A182BAFEEF5009FB37D /* SceneDelegate.swift in Sources */,
			);
			runOnlyForDeploymentPostprocessing = 0;
		};
		39A14A242BAFEEF7009FB37D /* Sources */ = {
			isa = PBXSourcesBuildPhase;
			buildActionMask = 2147483647;
			files = (
				39A14A2D2BAFEEF7009FB37D /* QuizAppTests.swift in Sources */,
			);
			runOnlyForDeploymentPostprocessing = 0;
		};
		39A14A2E2BAFEEF7009FB37D /* Sources */ = {
			isa = PBXSourcesBuildPhase;
			buildActionMask = 2147483647;
			files = (
				39A14A372BAFEEF7009FB37D /* QuizAppUITests.swift in Sources */,
				39A14A392BAFEEF7009FB37D /* QuizAppUITestsLaunchTests.swift in Sources */,
			);
			runOnlyForDeploymentPostprocessing = 0;
		};
/* End PBXSourcesBuildPhase section */

/* Begin PBXTargetDependency section */
		39A14A2A2BAFEEF7009FB37D /* PBXTargetDependency */ = {
			isa = PBXTargetDependency;
			target = 39A14A112BAFEEF5009FB37D /* QuizApp */;
			targetProxy = 39A14A292BAFEEF7009FB37D /* PBXContainerItemProxy */;
		};
		39A14A342BAFEEF7009FB37D /* PBXTargetDependency */ = {
			isa = PBXTargetDependency;
			target = 39A14A112BAFEEF5009FB37D /* QuizApp */;
			targetProxy = 39A14A332BAFEEF7009FB37D /* PBXContainerItemProxy */;
		};
/* End PBXTargetDependency section */

/* Begin PBXVariantGroup section */
		39A14A1B2BAFEEF5009FB37D /* Main.storyboard */ = {
			isa = PBXVariantGroup;
			children = (
				39A14A1C2BAFEEF5009FB37D /* Base */,
			);
			name = Main.storyboard;
			sourceTree = "<group>";
		};
		39A14A202BAFEEF7009FB37D /* LaunchScreen.storyboard */ = {
			isa = PBXVariantGroup;
			children = (
				39A14A212BAFEEF7009FB37D /* Base */,
			);
			name = LaunchScreen.storyboard;
			sourceTree = "<group>";
		};
/* End PBXVariantGroup section */

/* Begin XCBuildConfiguration section */
		39A14A3A2BAFEEF7009FB37D /* Debug */ = {
			isa = XCBuildConfiguration;
			buildSettings = {
				ALWAYS_SEARCH_USER_PATHS = NO;
				ASSETCATALOG_COMPILER_GENERATE_SWIFT_ASSET_SYMBOL_EXTENSIONS = YES;
				CLANG_ANALYZER_NONNULL = YES;
				CLANG_ANALYZER_NUMBER_OBJECT_CONVERSION = YES_AGGRESSIVE;
				CLANG_CXX_LANGUAGE_STANDARD = "gnu++20";
				CLANG_ENABLE_MODULES = YES;
				CLANG_ENABLE_OBJC_ARC = YES;
				CLANG_ENABLE_OBJC_WEAK = YES;
				CLANG_WARN_BLOCK_CAPTURE_AUTORELEASING = YES;
				CLANG_WARN_BOOL_CONVERSION = YES;
				CLANG_WARN_COMMA = YES;
				CLANG_WARN_CONSTANT_CONVERSION = YES;
				CLANG_WARN_DEPRECATED_OBJC_IMPLEMENTATIONS = YES;
				CLANG_WARN_DIRECT_OBJC_ISA_USAGE = YES_ERROR;
				CLANG_WARN_DOCUMENTATION_COMMENTS = YES;
				CLANG_WARN_EMPTY_BODY = YES;
				CLANG_WARN_ENUM_CONVERSION = YES;
				CLANG_WARN_INFINITE_RECURSION = YES;
				CLANG_WARN_INT_CONVERSION = YES;
				CLANG_WARN_NON_LITERAL_NULL_CONVERSION = YES;
				CLANG_WARN_OBJC_IMPLICIT_RETAIN_SELF = YES;
				CLANG_WARN_OBJC_LITERAL_CONVERSION = YES;
				CLANG_WARN_OBJC_ROOT_CLASS = YES_ERROR;
				CLANG_WARN_QUOTED_INCLUDE_IN_FRAMEWORK_HEADER = YES;
				CLANG_WARN_RANGE_LOOP_ANALYSIS = YES;
				CLANG_WARN_STRICT_PROTOTYPES = YES;
				CLANG_WARN_SUSPICIOUS_MOVE = YES;
				CLANG_WARN_UNGUARDED_AVAILABILITY = YES_AGGRESSIVE;
				CLANG_WARN_UNREACHABLE_CODE = YES;
				CLANG_WARN__DUPLICATE_METHOD_MATCH = YES;
				COPY_PHASE_STRIP = NO;
				DEBUG_INFORMATION_FORMAT = dwarf;
				ENABLE_STRICT_OBJC_MSGSEND = YES;
				ENABLE_TESTABILITY = YES;
				ENABLE_USER_SCRIPT_SANDBOXING = YES;
				GCC_C_LANGUAGE_STANDARD = gnu17;
				GCC_DYNAMIC_NO_PIC = NO;
				GCC_NO_COMMON_BLOCKS = YES;
				GCC_OPTIMIZATION_LEVEL = 0;
				GCC_PREPROCESSOR_DEFINITIONS = (
					"DEBUG=1",
					"$(inherited)",
				);
				GCC_WARN_64_TO_32_BIT_CONVERSION = YES;
				GCC_WARN_ABOUT_RETURN_TYPE = YES_ERROR;
				GCC_WARN_UNDECLARED_SELECTOR = YES;
				GCC_WARN_UNINITIALIZED_AUTOS = YES_AGGRESSIVE;
				GCC_WARN_UNUSED_FUNCTION = YES;
				GCC_WARN_UNUSED_VARIABLE = YES;
				IPHONEOS_DEPLOYMENT_TARGET = 17.4;
				LOCALIZATION_PREFERS_STRING_CATALOGS = YES;
				MTL_ENABLE_DEBUG_INFO = INCLUDE_SOURCE;
				MTL_FAST_MATH = YES;
				ONLY_ACTIVE_ARCH = YES;
				SDKROOT = iphoneos;
				SWIFT_ACTIVE_COMPILATION_CONDITIONS = "DEBUG $(inherited)";
				SWIFT_OPTIMIZATION_LEVEL = "-Onone";
			};
			name = Debug;
		};
		39A14A3B2BAFEEF7009FB37D /* Release */ = {
			isa = XCBuildConfiguration;
			buildSettings = {
				ALWAYS_SEARCH_USER_PATHS = NO;
				ASSETCATALOG_COMPILER_GENERATE_SWIFT_ASSET_SYMBOL_EXTENSIONS = YES;
				CLANG_ANALYZER_NONNULL = YES;
				CLANG_ANALYZER_NUMBER_OBJECT_CONVERSION = YES_AGGRESSIVE;
				CLANG_CXX_LANGUAGE_STANDARD = "gnu++20";
				CLANG_ENABLE_MODULES = YES;
				CLANG_ENABLE_OBJC_ARC = YES;
				CLANG_ENABLE_OBJC_WEAK = YES;
				CLANG_WARN_BLOCK_CAPTURE_AUTORELEASING = YES;
				CLANG_WARN_BOOL_CONVERSION = YES;
				CLANG_WARN_COMMA = YES;
				CLANG_WARN_CONSTANT_CONVERSION = YES;
				CLANG_WARN_DEPRECATED_OBJC_IMPLEMENTATIONS = YES;
				CLANG_WARN_DIRECT_OBJC_ISA_USAGE = YES_ERROR;
				CLANG_WARN_DOCUMENTATION_COMMENTS = YES;
				CLANG_WARN_EMPTY_BODY = YES;
				CLANG_WARN_ENUM_CONVERSION = YES;
				CLANG_WARN_INFINITE_RECURSION = YES;
				CLANG_WARN_INT_CONVERSION = YES;
				CLANG_WARN_NON_LITERAL_NULL_CONVERSION = YES;
				CLANG_WARN_OBJC_IMPLICIT_RETAIN_SELF = YES;
				CLANG_WARN_OBJC_LITERAL_CONVERSION = YES;
				CLANG_WARN_OBJC_ROOT_CLASS = YES_ERROR;
				CLANG_WARN_QUOTED_INCLUDE_IN_FRAMEWORK_HEADER = YES;
				CLANG_WARN_RANGE_LOOP_ANALYSIS = YES;
				CLANG_WARN_STRICT_PROTOTYPES = YES;
				CLANG_WARN_SUSPICIOUS_MOVE = YES;
				CLANG_WARN_UNGUARDED_AVAILABILITY = YES_AGGRESSIVE;
				CLANG_WARN_UNREACHABLE_CODE = YES;
				CLANG_WARN__DUPLICATE_METHOD_MATCH = YES;
				COPY_PHASE_STRIP = NO;
				DEBUG_INFORMATION_FORMAT = "dwarf-with-dsym";
				ENABLE_NS_ASSERTIONS = NO;
				ENABLE_STRICT_OBJC_MSGSEND = YES;
				ENABLE_USER_SCRIPT_SANDBOXING = YES;
				GCC_C_LANGUAGE_STANDARD = gnu17;
				GCC_NO_COMMON_BLOCKS = YES;
				GCC_WARN_64_TO_32_BIT_CONVERSION = YES;
				GCC_WARN_ABOUT_RETURN_TYPE = YES_ERROR;
				GCC_WARN_UNDECLARED_SELECTOR = YES;
				GCC_WARN_UNINITIALIZED_AUTOS = YES_AGGRESSIVE;
				GCC_WARN_UNUSED_FUNCTION = YES;
				GCC_WARN_UNUSED_VARIABLE = YES;
				IPHONEOS_DEPLOYMENT_TARGET = 17.4;
				LOCALIZATION_PREFERS_STRING_CATALOGS = YES;
				MTL_ENABLE_DEBUG_INFO = NO;
				MTL_FAST_MATH = YES;
				SDKROOT = iphoneos;
				SWIFT_COMPILATION_MODE = wholemodule;
				VALIDATE_PRODUCT = YES;
			};
			name = Release;
		};
		39A14A3D2BAFEEF7009FB37D /* Debug */ = {
			isa = XCBuildConfiguration;
			buildSettings = {
				ASSETCATALOG_COMPILER_APPICON_NAME = AppIcon;
				ASSETCATALOG_COMPILER_GLOBAL_ACCENT_COLOR_NAME = AccentColor;
				CODE_SIGN_STYLE = Automatic;
				CURRENT_PROJECT_VERSION = 1;
				GENERATE_INFOPLIST_FILE = YES;
				INFOPLIST_FILE = QuizApp/Info.plist;
				INFOPLIST_KEY_UIApplicationSupportsIndirectInputEvents = YES;
				INFOPLIST_KEY_UILaunchStoryboardName = LaunchScreen;
				INFOPLIST_KEY_UIMainStoryboardFile = Main;
				INFOPLIST_KEY_UISupportedInterfaceOrientations_iPad = "UIInterfaceOrientationPortrait UIInterfaceOrientationPortraitUpsideDown UIInterfaceOrientationLandscapeLeft UIInterfaceOrientationLandscapeRight";
				INFOPLIST_KEY_UISupportedInterfaceOrientations_iPhone = "UIInterfaceOrientationPortrait UIInterfaceOrientationLandscapeLeft UIInterfaceOrientationLandscapeRight";
				LD_RUNPATH_SEARCH_PATHS = (
					"$(inherited)",
					"@executable_path/Frameworks",
				);
				MARKETING_VERSION = 1.0;
				PRODUCT_BUNDLE_IDENTIFIER = com.priyanshi.quizapp.QuizApp;
				PRODUCT_NAME = "$(TARGET_NAME)";
				SWIFT_EMIT_LOC_STRINGS = YES;
				SWIFT_VERSION = 5.0;
				TARGETED_DEVICE_FAMILY = "1,2";
			};
			name = Debug;
		};
		39A14A3E2BAFEEF7009FB37D /* Release */ = {
			isa = XCBuildConfiguration;
			buildSettings = {
				ASSETCATALOG_COMPILER_APPICON_NAME = AppIcon;
				ASSETCATALOG_COMPILER_GLOBAL_ACCENT_COLOR_NAME = AccentColor;
				CODE_SIGN_STYLE = Automatic;
				CURRENT_PROJECT_VERSION = 1;
				GENERATE_INFOPLIST_FILE = YES;
				INFOPLIST_FILE = QuizApp/Info.plist;
				INFOPLIST_KEY_UIApplicationSupportsIndirectInputEvents = YES;
				INFOPLIST_KEY_UILaunchStoryboardName = LaunchScreen;
				INFOPLIST_KEY_UIMainStoryboardFile = Main;
				INFOPLIST_KEY_UISupportedInterfaceOrientations_iPad = "UIInterfaceOrientationPortrait UIInterfaceOrientationPortraitUpsideDown UIInterfaceOrientationLandscapeLeft UIInterfaceOrientationLandscapeRight";
				INFOPLIST_KEY_UISupportedInterfaceOrientations_iPhone = "UIInterfaceOrientationPortrait UIInterfaceOrientationLandscapeLeft UIInterfaceOrientationLandscapeRight";
				LD_RUNPATH_SEARCH_PATHS = (
					"$(inherited)",
					"@executable_path/Frameworks",
				);
				MARKETING_VERSION = 1.0;
				PRODUCT_BUNDLE_IDENTIFIER = com.priyanshi.quizapp.QuizApp;
				PRODUCT_NAME = "$(TARGET_NAME)";
				SWIFT_EMIT_LOC_STRINGS = YES;
				SWIFT_VERSION = 5.0;
				TARGETED_DEVICE_FAMILY = "1,2";
			};
			name = Release;
		};
		39A14A402BAFEEF7009FB37D /* Debug */ = {
			isa = XCBuildConfiguration;
			buildSettings = {
				ALWAYS_EMBED_SWIFT_STANDARD_LIBRARIES = YES;
				BUNDLE_LOADER = "$(TEST_HOST)";
				CODE_SIGN_STYLE = Automatic;
				CURRENT_PROJECT_VERSION = 1;
				GENERATE_INFOPLIST_FILE = YES;
				IPHONEOS_DEPLOYMENT_TARGET = 17.4;
				MARKETING_VERSION = 1.0;
				PRODUCT_BUNDLE_IDENTIFIER = com.priyanshi.quizapp.QuizAppTests;
				PRODUCT_NAME = "$(TARGET_NAME)";
				SWIFT_EMIT_LOC_STRINGS = NO;
				SWIFT_VERSION = 5.0;
				TARGETED_DEVICE_FAMILY = "1,2";
				TEST_HOST = "$(BUILT_PRODUCTS_DIR)/QuizApp.app/$(BUNDLE_EXECUTABLE_FOLDER_PATH)/QuizApp";
			};
			name = Debug;
		};
		39A14A412BAFEEF7009FB37D /* Release */ = {
			isa = XCBuildConfiguration;
			buildSettings = {
				ALWAYS_EMBED_SWIFT_STANDARD_LIBRARIES = YES;
				BUNDLE_LOADER = "$(TEST_HOST)";
				CODE_SIGN_STYLE = Automatic;
				CURRENT_PROJECT_VERSION = 1;
				GENERATE_INFOPLIST_FILE = YES;
				IPHONEOS_DEPLOYMENT_TARGET = 17.4;
				MARKETING_VERSION = 1.0;
				PRODUCT_BUNDLE_IDENTIFIER = com.priyanshi.quizapp.QuizAppTests;
				PRODUCT_NAME = "$(TARGET_NAME)";
				SWIFT_EMIT_LOC_STRINGS = NO;
				SWIFT_VERSION = 5.0;
				TARGETED_DEVICE_FAMILY = "1,2";
				TEST_HOST = "$(BUILT_PRODUCTS_DIR)/QuizApp.app/$(BUNDLE_EXECUTABLE_FOLDER_PATH)/QuizApp";
			};
			name = Release;
		};
		39A14A432BAFEEF7009FB37D /* Debug */ = {
			isa = XCBuildConfiguration;
			buildSettings = {
				ALWAYS_EMBED_SWIFT_STANDARD_LIBRARIES = YES;
				CODE_SIGN_STYLE = Automatic;
				CURRENT_PROJECT_VERSION = 1;
				GENERATE_INFOPLIST_FILE = YES;
				MARKETING_VERSION = 1.0;
				PRODUCT_BUNDLE_IDENTIFIER = com.priyanshi.quizapp.QuizAppUITests;
				PRODUCT_NAME = "$(TARGET_NAME)";
				SWIFT_EMIT_LOC_STRINGS = NO;
				SWIFT_VERSION = 5.0;
				TARGETED_DEVICE_FAMILY = "1,2";
				TEST_TARGET_NAME = QuizApp;
			};
			name = Debug;
		};
		39A14A442BAFEEF7009FB37D /* Release */ = {
			isa = XCBuildConfiguration;
			buildSettings = {
				ALWAYS_EMBED_SWIFT_STANDARD_LIBRARIES = YES;
				CODE_SIGN_STYLE = Automatic;
				CURRENT_PROJECT_VERSION = 1;
				GENERATE_INFOPLIST_FILE = YES;
				MARKETING_VERSION = 1.0;
				PRODUCT_BUNDLE_IDENTIFIER = com.priyanshi.quizapp.QuizAppUITests;
				PRODUCT_NAME = "$(TARGET_NAME)";
				SWIFT_EMIT_LOC_STRINGS = NO;
				SWIFT_VERSION = 5.0;
				TARGETED_DEVICE_FAMILY = "1,2";
				TEST_TARGET_NAME = QuizApp;
			};
			name = Release;
		};
/* End XCBuildConfiguration section */

/* Begin XCConfigurationList section */
		39A14A0D2BAFEEF5009FB37D /* Build configuration list for PBXProject "QuizApp" */ = {
			isa = XCConfigurationList;
			buildConfigurations = (
				39A14A3A2BAFEEF7009FB37D /* Debug */,
				39A14A3B2BAFEEF7009FB37D /* Release */,
			);
			defaultConfigurationIsVisible = 0;
			defaultConfigurationName = Release;
		};
		39A14A3C2BAFEEF7009FB37D /* Build configuration list for PBXNativeTarget "QuizApp" */ = {
			isa = XCConfigurationList;
			buildConfigurations = (
				39A14A3D2BAFEEF7009FB37D /* Debug */,
				39A14A3E2BAFEEF7009FB37D /* Release */,
			);
			defaultConfigurationIsVisible = 0;
			defaultConfigurationName = Release;
		};
		39A14A3F2BAFEEF7009FB37D /* Build configuration list for PBXNativeTarget "QuizAppTests" */ = {
			isa = XCConfigurationList;
			buildConfigurations = (
				39A14A402BAFEEF7009FB37D /* Debug */,
				39A14A412BAFEEF7009FB37D /* Release */,
			);
			defaultConfigurationIsVisible = 0;
			defaultConfigurationName = Release;
		};
		39A14A422BAFEEF7009FB37D /* Build configuration list for PBXNativeTarget "QuizAppUITests" */ = {
			isa = XCConfigurationList;
			buildConfigurations = (
				39A14A432BAFEEF7009FB37D /* Debug */,
				39A14A442BAFEEF7009FB37D /* Release */,
			);
			defaultConfigurationIsVisible = 0;
			defaultConfigurationName = Release;
		};
/* End XCConfigurationList section */
	};
	rootObject = 39A14A0A2BAFEEF5009FB37D /* Project object */;
}
